
Microsoft Visual Studio Solution File, Format Version 12.00
# Visual Studio 2013
VisualStudioVersion = 12.0.21005.1
MinimumVisualStudioVersion = 10.0.40219.1
Project("{FAE04EC0-301F-11D3-BF4B-00C04F79EFBC}") = "CapaDeDatos", "CapaDeDatos\CapaDeDatos.csproj", "{FF18BBDE-60B2-471C-AFDA-A2DAE21AA5CF}"
EndProject
Project("{FAE04EC0-301F-11D3-BF4B-00C04F79EFBC}") = "CapaDeNegocios", "CapaDeNegocios\CapaDeNegocios.csproj", "{603AC7C3-4134-4104-957E-B487200D8932}"
EndProject
Project("{FAE04EC0-301F-11D3-BF4B-00C04F79EFBC}") = "CadaDePresentacion", "CadaDePresentacion\CadaDePresentacion.csproj", "{F7E07303-F1FD-4B06-9AF6-07973A0A0865}"
EndProject
Global
	GlobalSection(SolutionConfigurationPlatforms) = preSolution
		Debug|Any CPU = Debug|Any CPU
		Release|Any CPU = Release|Any CPU
	EndGlobalSection
	GlobalSection(ProjectConfigurationPlatforms) = postSolution
		{FF18BBDE-60B2-471C-AFDA-A2DAE21AA5CF}.Debug|Any CPU.ActiveCfg = Debug|Any CPU
		{FF18BBDE-60B2-471C-AFDA-A2DAE21AA5CF}.Debug|Any CPU.Build.0 = Debug|Any CPU
		{FF18BBDE-60B2-471C-AFDA-A2DAE21AA5CF}.Release|Any CPU.ActiveCfg = Release|Any CPU
		{FF18BBDE-60B2-471C-AFDA-A2DAE21AA5CF}.Release|Any CPU.Build.0 = Release|Any CPU
		{603AC7C3-4134-4104-957E-B487200D8932}.Debug|Any CPU.ActiveCfg = Debug|Any CPU
		{603AC7C3-4134-4104-957E-B487200D8932}.Debug|Any CPU.Build.0 = Debug|Any CPU
		{603AC7C3-4134-4104-957E-B487200D8932}.Release|Any CPU.ActiveCfg = Release|Any CPU
		{603AC7C3-4134-4104-957E-B487200D8932}.Release|Any CPU.Build.0 = Release|Any CPU
		{F7E07303-F1FD-4B06-9AF6-07973A0A0865}.Debug|Any CPU.ActiveCfg = Debug|Any CPU
		{F7E07303-F1FD-4B06-9AF6-07973A0A0865}.Debug|Any CPU.Build.0 = Debug|Any CPU
		{F7E07303-F1FD-4B06-9AF6-07973A0A0865}.Release|Any CPU.ActiveCfg = Release|Any CPU
		{F7E07303-F1FD-4B06-9AF6-07973A0A0865}.Release|Any CPU.Build.0 = Release|Any CPU
	EndGlobalSection
	GlobalSection(SolutionProperties) = preSolution
		HideSolutionNode = FALSE
	EndGlobalSection
EndGlobal
